// !$*UTF8*$!
{
	archiveVersion = 1;
	classes = {
	};
	objectVersion = 77;
	objects = {

/* Begin PBXBuildFile section */
		44DC0F785C341119F65F3C13 /* DurationFormatterTests.swift in Sources */ = {isa = PBXBuildFile; fileRef = 54F77EFB378C1915227981BF /* DurationFormatterTests.swift */; };
		89AF8CA92F800000005F7ED1 /* lead-track Widget.appex in Embed App Extensions */ = {isa = PBXBuildFile; fileRef = 89AF8CA12F800000005F7ED1 /* lead-track Widget.appex */; settings = {ATTRIBUTES = (RemoveHeadersOnCopy, ); }; };
		9C8237579C65D2E39123B8DA /* Foundation.framework in Frameworks */ = {isa = PBXBuildFile; fileRef = 034A5860D1A07B340E37FE9D /* Foundation.framework */; };
		D46B95433D70D3EEE0F0AD87 /* SessionStatisticsTests.swift in Sources */ = {isa = PBXBuildFile; fileRef = 6DBA1A409F133BEF128F00CD /* SessionStatisticsTests.swift */; };
		DFF7C10A66921420A7ED38A3 /* ValueFormatterTests.swift in Sources */ = {isa = PBXBuildFile; fileRef = 2290C0B8441D35A7B98AA206 /* ValueFormatterTests.swift */; };
/* End PBXBuildFile section */

/* Begin PBXContainerItemProxy section */
		89AF8CAB2F800000005F7ED1 /* PBXContainerItemProxy */ = {
			isa = PBXContainerItemProxy;
			containerPortal = 89AF8B542F723550005F7ED1 /* Project object */;
			proxyType = 1;
			remoteGlobalIDString = 89AF8CA02F800000005F7ED1;
			remoteInfo = "lead-track Widget";
		};
		A9D5A262B840A1366BE94EAF /* PBXContainerItemProxy */ = {
			isa = PBXContainerItemProxy;
			containerPortal = 89AF8B542F723550005F7ED1 /* Project object */;
			proxyType = 1;
			remoteGlobalIDString = 89AF8B5B2F723550005F7ED1;
			remoteInfo = "lead track";
		};
/* End PBXContainerItemProxy section */

/* Begin PBXCopyFilesBuildPhase section */
		89AF8CAA2F800000005F7ED1 /* Embed App Extensions */ = {
			isa = PBXCopyFilesBuildPhase;
			buildActionMask = 2147483647;
			dstPath = "";
			dstSubfolderSpec = 13;
			files = (
				89AF8CA92F800000005F7ED1 /* lead-track Widget.appex in Embed App Extensions */,
			);
			name = "Embed App Extensions";
			runOnlyForDeploymentPostprocessing = 0;
		};
/* End PBXCopyFilesBuildPhase section */

/* Begin PBXFileReference section */
		034A5860D1A07B340E37FE9D /* Foundation.framework */ = {isa = PBXFileReference; lastKnownFileType = wrapper.framework; name = Foundation.framework; path = Platforms/iPhoneOS.platform/Developer/SDKs/iPhoneOS18.0.sdk/System/Library/Frameworks/Foundation.framework; sourceTree = DEVELOPER_DIR; };
		2290C0B8441D35A7B98AA206 /* ValueFormatterTests.swift */ = {isa = PBXFileReference; includeInIndex = 1; lastKnownFileType = sourcecode.swift; path = ValueFormatterTests.swift; sourceTree = "<group>"; };
		54F77EFB378C1915227981BF /* DurationFormatterTests.swift */ = {isa = PBXFileReference; includeInIndex = 1; lastKnownFileType = sourcecode.swift; path = DurationFormatterTests.swift; sourceTree = "<group>"; };
		6DBA1A409F133BEF128F00CD /* SessionStatisticsTests.swift */ = {isa = PBXFileReference; includeInIndex = 1; lastKnownFileType = sourcecode.swift; path = SessionStatisticsTests.swift; sourceTree = "<group>"; };
		89AF8B5C2F723550005F7ED1 /* lead track.app */ = {isa = PBXFileReference; explicitFileType = wrapper.application; includeInIndex = 0; path = "lead track.app"; sourceTree = BUILT_PRODUCTS_DIR; };
		89AF8CA12F800000005F7ED1 /* lead-track Widget.appex */ = {isa = PBXFileReference; explicitFileType = "wrapper.app-extension"; includeInIndex = 0; path = "lead-track Widget.appex"; sourceTree = BUILT_PRODUCTS_DIR; };
		9547E3818025DA4A52B0CEC5 /* lead trackTests.xctest */ = {isa = PBXFileReference; explicitFileType = wrapper.cfbundle; includeInIndex = 0; path = "lead trackTests.xctest"; sourceTree = BUILT_PRODUCTS_DIR; };
/* End PBXFileReference section */

/* Begin PBXFileSystemSynchronizedBuildFileExceptionSet section */
		89AF8CAD2F800000005F7ED1 /* Exceptions for "lead-track Widget" folder in "lead-track Widget" target */ = {
			isa = PBXFileSystemSynchronizedBuildFileExceptionSet;
			membershipExceptions = (
				Info.plist,
			);
			target = 89AF8CA02F800000005F7ED1 /* lead-track Widget */;
		};
/* End PBXFileSystemSynchronizedBuildFileExceptionSet section */

/* Begin PBXFileSystemSynchronizedRootGroup section */
		89AF8B5E2F723550005F7ED1 /* lead track */ = {
			isa = PBXFileSystemSynchronizedRootGroup;
			exceptions = (
			);
			path = "lead track";
			sourceTree = "<group>";
		};
		89AF8BA02F723700005F7ED1 /* Shared */ = {
			isa = PBXFileSystemSynchronizedRootGroup;
			exceptions = (
			);
			path = Shared;
			sourceTree = "<group>";
		};
		89AF8CA22F800000005F7ED1 /* lead-track Widget */ = {
			isa = PBXFileSystemSynchronizedRootGroup;
			exceptions = (
				89AF8CAD2F800000005F7ED1 /* Exceptions for "lead-track Widget" folder in "lead-track Widget" target */,
			);
			path = "lead-track Widget";
			sourceTree = "<group>";
		};
/* End PBXFileSystemSynchronizedRootGroup section */

/* Begin PBXFrameworksBuildPhase section */
		89AF8B592F723550005F7ED1 /* Frameworks */ = {
			isa = PBXFrameworksBuildPhase;
			buildActionMask = 2147483647;
			files = (
			);
			runOnlyForDeploymentPostprocessing = 0;
		};
		89AF8CA42F800000005F7ED1 /* Frameworks */ = {
			isa = PBXFrameworksBuildPhase;
			buildActionMask = 2147483647;
			files = (
			);
			runOnlyForDeploymentPostprocessing = 0;
		};
		FF4FDA9038AB93FC1C231F53 /* Frameworks */ = {
			isa = PBXFrameworksBuildPhase;
			buildActionMask = 2147483647;
			files = (
				9C8237579C65D2E39123B8DA /* Foundation.framework in Frameworks */,
			);
			runOnlyForDeploymentPostprocessing = 0;
		};
/* End PBXFrameworksBuildPhase section */

/* Begin PBXGroup section */
		272F28F9F5B85BC1EA789E71 /* lead trackTests */ = {
			isa = PBXGroup;
			children = (
				54F77EFB378C1915227981BF /* DurationFormatterTests.swift */,
				6DBA1A409F133BEF128F00CD /* SessionStatisticsTests.swift */,
				2290C0B8441D35A7B98AA206 /* ValueFormatterTests.swift */,
			);
			name = "lead trackTests";
			path = "lead trackTests";
			sourceTree = "<group>";
		};
		770A66A63026D7B271B5C16E /* iOS */ = {
			isa = PBXGroup;
			children = (
				034A5860D1A07B340E37FE9D /* Foundation.framework */,
			);
			name = iOS;
			sourceTree = "<group>";
		};
		89AF8B532F723550005F7ED1 = {
			isa = PBXGroup;
			children = (
				89AF8BA02F723700005F7ED1 /* Shared */,
				89AF8B5E2F723550005F7ED1 /* lead track */,
				89AF8CA22F800000005F7ED1 /* lead-track Widget */,
				89AF8B5D2F723550005F7ED1 /* Products */,
				8A52529E3C17535377F2910D /* Frameworks */,
				272F28F9F5B85BC1EA789E71 /* lead trackTests */,
			);
			sourceTree = "<group>";
		};
		89AF8B5D2F723550005F7ED1 /* Products */ = {
			isa = PBXGroup;
			children = (
				89AF8B5C2F723550005F7ED1 /* lead track.app */,
				89AF8CA12F800000005F7ED1 /* lead-track Widget.appex */,
				9547E3818025DA4A52B0CEC5 /* lead trackTests.xctest */,
			);
			name = Products;
			sourceTree = "<group>";
		};
		8A52529E3C17535377F2910D /* Frameworks */ = {
			isa = PBXGroup;
			children = (
				770A66A63026D7B271B5C16E /* iOS */,
			);
			name = Frameworks;
			sourceTree = "<group>";
		};
/* End PBXGroup section */

/* Begin PBXNativeTarget section */
		4BDEF37C1A4175A7CBCADD3F /* lead trackTests */ = {
			isa = PBXNativeTarget;
			buildConfigurationList = 8D7359F343DBD51A59844869 /* Build configuration list for PBXNativeTarget "lead trackTests" */;
			buildPhases = (
				8FE1F573E012A81FEAFF7748 /* Sources */,
				FF4FDA9038AB93FC1C231F53 /* Frameworks */,
				F2D9536185F0F69B57A0221B /* Resources */,
			);
			buildRules = (
			);
			dependencies = (
				DDDFDACAB22701802FB4F42B /* PBXTargetDependency */,
			);
			name = "lead trackTests";
			productName = "lead trackTests";
			productReference = 9547E3818025DA4A52B0CEC5 /* lead trackTests.xctest */;
			productType = "com.apple.product-type.bundle.unit-test";
		};
		89AF8B5B2F723550005F7ED1 /* lead track */ = {
			isa = PBXNativeTarget;
			buildConfigurationList = 89AF8B692F723552005F7ED1 /* Build configuration list for PBXNativeTarget "lead track" */;
			buildPhases = (
				89AF8B902F723600005F7ED1 /* SwiftLint */,
				89AF8B912F723600005F7ED1 /* SwiftFormat Check */,
				89AF8B582F723550005F7ED1 /* Sources */,
				89AF8B592F723550005F7ED1 /* Frameworks */,
				89AF8B5A2F723550005F7ED1 /* Resources */,
				89AF8CAA2F800000005F7ED1 /* Embed App Extensions */,
			);
			buildRules = (
			);
			dependencies = (
				89AF8CAC2F800000005F7ED1 /* PBXTargetDependency */,
			);
			fileSystemSynchronizedGroups = (
				89AF8B5E2F723550005F7ED1 /* lead track */,
				89AF8BA02F723700005F7ED1 /* Shared */,
			);
			name = "lead track";
			productName = "lead track";
			productReference = 89AF8B5C2F723550005F7ED1 /* lead track.app */;
			productType = "com.apple.product-type.application";
		};
		89AF8CA02F800000005F7ED1 /* lead-track Widget */ = {
			isa = PBXNativeTarget;
			buildConfigurationList = 89AF8CA82F800000005F7ED1 /* Build configuration list for PBXNativeTarget "lead-track Widget" */;
			buildPhases = (
				89AF8CA32F800000005F7ED1 /* Sources */,
				89AF8CA42F800000005F7ED1 /* Frameworks */,
				89AF8CA52F800000005F7ED1 /* Resources */,
			);
			buildRules = (
			);
			dependencies = (
			);
			fileSystemSynchronizedGroups = (
				89AF8BA02F723700005F7ED1 /* Shared */,
				89AF8CA22F800000005F7ED1 /* lead-track Widget */,
			);
			name = "lead-track Widget";
			productName = "lead-track Widget";
			productReference = 89AF8CA12F800000005F7ED1 /* lead-track Widget.appex */;
			productType = "com.apple.product-type.app-extension";
		};
/* End PBXNativeTarget section */

/* Begin PBXProject section */
		89AF8B542F723550005F7ED1 /* Project object */ = {
			isa = PBXProject;
			attributes = {
				BuildIndependentTargetsInParallel = 1;
				LastSwiftUpdateCheck = 2630;
				LastUpgradeCheck = 2630;
				TargetAttributes = {
					89AF8B5B2F723550005F7ED1 = {
						CreatedOnToolsVersion = 26.3;
					};
					89AF8CA02F800000005F7ED1 = {
						CreatedOnToolsVersion = 26.3;
					};
				};
			};
			buildConfigurationList = 89AF8B572F723550005F7ED1 /* Build configuration list for PBXProject "lead track" */;
			developmentRegion = en;
			hasScannedForEncodings = 0;
			knownRegions = (
				en,
				Base,
			);
			mainGroup = 89AF8B532F723550005F7ED1;
			minimizedProjectReferenceProxies = 1;
			preferredProjectObjectVersion = 77;
			productRefGroup = 89AF8B5D2F723550005F7ED1 /* Products */;
			projectDirPath = "";
			projectRoot = "";
			targets = (
				89AF8B5B2F723550005F7ED1 /* lead track */,
				89AF8CA02F800000005F7ED1 /* lead-track Widget */,
				4BDEF37C1A4175A7CBCADD3F /* lead trackTests */,
			);
		};
/* End PBXProject section */

/* Begin PBXResourcesBuildPhase section */
		89AF8B5A2F723550005F7ED1 /* Resources */ = {
			isa = PBXResourcesBuildPhase;
			buildActionMask = 2147483647;
			files = (
			);
			runOnlyForDeploymentPostprocessing = 0;
		};
		89AF8CA52F800000005F7ED1 /* Resources */ = {
			isa = PBXResourcesBuildPhase;
			buildActionMask = 2147483647;
			files = (
			);
			runOnlyForDeploymentPostprocessing = 0;
		};
		F2D9536185F0F69B57A0221B /* Resources */ = {
			isa = PBXResourcesBuildPhase;
			buildActionMask = 2147483647;
			files = (
			);
			runOnlyForDeploymentPostprocessing = 0;
		};
/* End PBXResourcesBuildPhase section */

/* Begin PBXShellScriptBuildPhase section */
		89AF8B902F723600005F7ED1 /* SwiftLint */ = {
			isa = PBXShellScriptBuildPhase;
			alwaysOutOfDate = 1;
			buildActionMask = 2147483647;
			files = (
			);
			inputFileListPaths = (
			);
			inputPaths = (
			);
			name = SwiftLint;
			outputFileListPaths = (
			);
			outputPaths = (
			);
			runOnlyForDeploymentPostprocessing = 0;
			shellPath = /bin/sh;
			shellScript = "if which swiftlint > /dev/null; then\n  swiftlint\nelse\n  echo \"warning: SwiftLint not installed, download from https://github.com/realm/SwiftLint\"\nfi\n";
		};
		89AF8B912F723600005F7ED1 /* SwiftFormat Check */ = {
			isa = PBXShellScriptBuildPhase;
			alwaysOutOfDate = 1;
			buildActionMask = 2147483647;
			files = (
			);
			inputFileListPaths = (
			);
			inputPaths = (
			);
			name = "SwiftFormat Check";
			outputFileListPaths = (
			);
			outputPaths = (
			);
			runOnlyForDeploymentPostprocessing = 0;
			shellPath = /bin/sh;
			shellScript = "if which swiftformat > /dev/null; then\n  swiftformat --lint .\nelse\n  echo \"warning: SwiftFormat not installed, install via brew install swiftformat\"\nfi\n";
		};
/* End PBXShellScriptBuildPhase section */

/* Begin PBXSourcesBuildPhase section */
		89AF8B582F723550005F7ED1 /* Sources */ = {
			isa = PBXSourcesBuildPhase;
			buildActionMask = 2147483647;
			files = (
			);
			runOnlyForDeploymentPostprocessing = 0;
		};
		89AF8CA32F800000005F7ED1 /* Sources */ = {
			isa = PBXSourcesBuildPhase;
			buildActionMask = 2147483647;
			files = (
			);
			runOnlyForDeploymentPostprocessing = 0;
		};
		8FE1F573E012A81FEAFF7748 /* Sources */ = {
			isa = PBXSourcesBuildPhase;
			buildActionMask = 2147483647;
			files = (
				44DC0F785C341119F65F3C13 /* DurationFormatterTests.swift in Sources */,
				D46B95433D70D3EEE0F0AD87 /* SessionStatisticsTests.swift in Sources */,
				DFF7C10A66921420A7ED38A3 /* ValueFormatterTests.swift in Sources */,
			);
			runOnlyForDeploymentPostprocessing = 0;
		};
/* End PBXSourcesBuildPhase section */

/* Begin PBXTargetDependency section */
		89AF8CAC2F800000005F7ED1 /* PBXTargetDependency */ = {
			isa = PBXTargetDependency;
			target = 89AF8CA02F800000005F7ED1 /* lead-track Widget */;
			targetProxy = 89AF8CAB2F800000005F7ED1 /* PBXContainerItemProxy */;
		};
		DDDFDACAB22701802FB4F42B /* PBXTargetDependency */ = {
			isa = PBXTargetDependency;
			name = "lead track";
			target = 89AF8B5B2F723550005F7ED1 /* lead track */;
			targetProxy = A9D5A262B840A1366BE94EAF /* PBXContainerItemProxy */;
		};
/* End PBXTargetDependency section */

/* Begin XCBuildConfiguration section */
		6C82317CB1C4D824DBD05751 /* Release */ = {
			isa = XCBuildConfiguration;
			buildSettings = {
				BUNDLE_LOADER = "$(TEST_HOST)";
				CLANG_ENABLE_OBJC_WEAK = NO;
				CODE_SIGN_STYLE = Automatic;
				DEVELOPMENT_TEAM = 9492A97LWY;
				GENERATE_INFOPLIST_FILE = YES;
				IPHONEOS_DEPLOYMENT_TARGET = 26.2;
				PRODUCT_BUNDLE_IDENTIFIER = "plastickarma.lead-track.tests";
				PRODUCT_NAME = lead_trackTests;
				SDKROOT = iphoneos;
				SWIFT_VERSION = 5.0;
				TEST_HOST = "$(BUILT_PRODUCTS_DIR)/lead track.app/$(BUNDLE_EXECUTABLE_FOLDER_PATH)/lead track";
				VALIDATE_PRODUCT = YES;
			};
			name = Release;
		};
		89AF8B672F723552005F7ED1 /* Debug */ = {
			isa = XCBuildConfiguration;
			buildSettings = {
				ALWAYS_SEARCH_USER_PATHS = NO;
				ASSETCATALOG_COMPILER_GENERATE_SWIFT_ASSET_SYMBOL_EXTENSIONS = YES;
				CLANG_ANALYZER_NONNULL = YES;
				CLANG_ANALYZER_NUMBER_OBJECT_CONVERSION = YES_AGGRESSIVE;
				CLANG_CXX_LANGUAGE_STANDARD = "gnu++20";
				CLANG_ENABLE_MODULES = YES;
				CLANG_ENABLE_OBJC_ARC = YES;
				CLANG_ENABLE_OBJC_WEAK = YES;
				CLANG_WARN_BLOCK_CAPTURE_AUTORELEASING = YES;
				CLANG_WARN_BOOL_CONVERSION = YES;
				CLANG_WARN_COMMA = YES;
				CLANG_WARN_CONSTANT_CONVERSION = YES;
				CLANG_WARN_DEPRECATED_OBJC_IMPLEMENTATIONS = YES;
				CLANG_WARN_DIRECT_OBJC_ISA_USAGE = YES_ERROR;
				CLANG_WARN_DOCUMENTATION_COMMENTS = YES;
				CLANG_WARN_EMPTY_BODY = YES;
				CLANG_WARN_ENUM_CONVERSION = YES;
				CLANG_WARN_INFINITE_RECURSION = YES;
				CLANG_WARN_INT_CONVERSION = YES;
				CLANG_WARN_NON_LITERAL_NULL_CONVERSION = YES;
				CLANG_WARN_OBJC_IMPLICIT_RETAIN_SELF = YES;
				CLANG_WARN_OBJC_LITERAL_CONVERSION = YES;
				CLANG_WARN_OBJC_ROOT_CLASS = YES_ERROR;
				CLANG_WARN_QUOTED_INCLUDE_IN_FRAMEWORK_HEADER = YES;
				CLANG_WARN_RANGE_LOOP_ANALYSIS = YES;
				CLANG_WARN_STRICT_PROTOTYPES = YES;
				CLANG_WARN_SUSPICIOUS_MOVE = YES;
				CLANG_WARN_UNGUARDED_AVAILABILITY = YES_AGGRESSIVE;
				CLANG_WARN_UNREACHABLE_CODE = YES;
				CLANG_WARN__DUPLICATE_METHOD_MATCH = YES;
				COPY_PHASE_STRIP = NO;
				DEBUG_INFORMATION_FORMAT = dwarf;
				DEVELOPMENT_TEAM = 9492A97LWY;
				ENABLE_STRICT_OBJC_MSGSEND = YES;
				ENABLE_TESTABILITY = YES;
				ENABLE_USER_SCRIPT_SANDBOXING = NO;
				GCC_C_LANGUAGE_STANDARD = gnu17;
				GCC_DYNAMIC_NO_PIC = NO;
				GCC_NO_COMMON_BLOCKS = YES;
				GCC_OPTIMIZATION_LEVEL = 0;
				GCC_PREPROCESSOR_DEFINITIONS = (
					"DEBUG=1",
					"$(inherited)",
				);
				GCC_WARN_64_TO_32_BIT_CONVERSION = YES;
				GCC_WARN_ABOUT_RETURN_TYPE = YES_ERROR;
				GCC_WARN_UNDECLARED_SELECTOR = YES;
				GCC_WARN_UNINITIALIZED_AUTOS = YES_AGGRESSIVE;
				GCC_WARN_UNUSED_FUNCTION = YES;
				GCC_WARN_UNUSED_VARIABLE = YES;
				IPHONEOS_DEPLOYMENT_TARGET = 26.2;
				LOCALIZATION_PREFERS_STRING_CATALOGS = YES;
				MTL_ENABLE_DEBUG_INFO = INCLUDE_SOURCE;
				MTL_FAST_MATH = YES;
				ONLY_ACTIVE_ARCH = YES;
				SDKROOT = iphoneos;
				SWIFT_ACTIVE_COMPILATION_CONDITIONS = "DEBUG $(inherited)";
				SWIFT_OPTIMIZATION_LEVEL = "-Onone";
			};
			name = Debug;
		};
		89AF8B682F723552005F7ED1 /* Release */ = {
			isa = XCBuildConfiguration;
			buildSettings = {
				ALWAYS_SEARCH_USER_PATHS = NO;
				ASSETCATALOG_COMPILER_GENERATE_SWIFT_ASSET_SYMBOL_EXTENSIONS = YES;
				CLANG_ANALYZER_NONNULL = YES;
				CLANG_ANALYZER_NUMBER_OBJECT_CONVERSION = YES_AGGRESSIVE;
				CLANG_CXX_LANGUAGE_STANDARD = "gnu++20";
				CLANG_ENABLE_MODULES = YES;
				CLANG_ENABLE_OBJC_ARC = YES;
				CLANG_ENABLE_OBJC_WEAK = YES;
				CLANG_WARN_BLOCK_CAPTURE_AUTORELEASING = YES;
				CLANG_WARN_BOOL_CONVERSION = YES;
				CLANG_WARN_COMMA = YES;
				CLANG_WARN_CONSTANT_CONVERSION = YES;
				CLANG_WARN_DEPRECATED_OBJC_IMPLEMENTATIONS = YES;
				CLANG_WARN_DIRECT_OBJC_ISA_USAGE = YES_ERROR;
				CLANG_WARN_DOCUMENTATION_COMMENTS = YES;
				CLANG_WARN_EMPTY_BODY = YES;
				CLANG_WARN_ENUM_CONVERSION = YES;
				CLANG_WARN_INFINITE_RECURSION = YES;
				CLANG_WARN_INT_CONVERSION = YES;
				CLANG_WARN_NON_LITERAL_NULL_CONVERSION = YES;
				CLANG_WARN_OBJC_IMPLICIT_RETAIN_SELF = YES;
				CLANG_WARN_OBJC_LITERAL_CONVERSION = YES;
				CLANG_WARN_OBJC_ROOT_CLASS = YES_ERROR;
				CLANG_WARN_QUOTED_INCLUDE_IN_FRAMEWORK_HEADER = YES;
				CLANG_WARN_RANGE_LOOP_ANALYSIS = YES;
				CLANG_WARN_STRICT_PROTOTYPES = YES;
				CLANG_WARN_SUSPICIOUS_MOVE = YES;
				CLANG_WARN_UNGUARDED_AVAILABILITY = YES_AGGRESSIVE;
				CLANG_WARN_UNREACHABLE_CODE = YES;
				CLANG_WARN__DUPLICATE_METHOD_MATCH = YES;
				COPY_PHASE_STRIP = NO;
				DEBUG_INFORMATION_FORMAT = "dwarf-with-dsym";
				DEVELOPMENT_TEAM = 9492A97LWY;
				ENABLE_NS_ASSERTIONS = NO;
				ENABLE_STRICT_OBJC_MSGSEND = YES;
				ENABLE_USER_SCRIPT_SANDBOXING = NO;
				GCC_C_LANGUAGE_STANDARD = gnu17;
				GCC_NO_COMMON_BLOCKS = YES;
				GCC_WARN_64_TO_32_BIT_CONVERSION = YES;
				GCC_WARN_ABOUT_RETURN_TYPE = YES_ERROR;
				GCC_WARN_UNDECLARED_SELECTOR = YES;
				GCC_WARN_UNINITIALIZED_AUTOS = YES_AGGRESSIVE;
				GCC_WARN_UNUSED_FUNCTION = YES;
				GCC_WARN_UNUSED_VARIABLE = YES;
				IPHONEOS_DEPLOYMENT_TARGET = 26.2;
				LOCALIZATION_PREFERS_STRING_CATALOGS = YES;
				MTL_ENABLE_DEBUG_INFO = NO;
				MTL_FAST_MATH = YES;
				SDKROOT = iphoneos;
				SWIFT_COMPILATION_MODE = wholemodule;
				VALIDATE_PRODUCT = YES;
			};
			name = Release;
		};
		89AF8B6A2F723552005F7ED1 /* Debug */ = {
			isa = XCBuildConfiguration;
			buildSettings = {
				ASSETCATALOG_COMPILER_APPICON_NAME = AppIcon;
				ASSETCATALOG_COMPILER_GLOBAL_ACCENT_COLOR_NAME = AccentColor;
				CODE_SIGN_ENTITLEMENTS = "lead track/lead_track.entitlements";
				CODE_SIGN_STYLE = Automatic;
				CURRENT_PROJECT_VERSION = 1;
				DEVELOPMENT_TEAM = 9492A97LWY;
				ENABLE_PREVIEWS = YES;
				GENERATE_INFOPLIST_FILE = YES;
				INFOPLIST_KEY_CFBundleDisplayName = Leadstone;
				INFOPLIST_KEY_LSApplicationCategoryType = "public.app-category.productivity";
				INFOPLIST_KEY_NSSupportsLiveActivities = YES;
				INFOPLIST_KEY_UIApplicationSceneManifest_Generation = YES;
				INFOPLIST_KEY_UIApplicationSupportsIndirectInputEvents = YES;
				INFOPLIST_KEY_UILaunchScreen_Generation = YES;
				INFOPLIST_KEY_UISupportedInterfaceOrientations_iPad = "UIInterfaceOrientationPortrait UIInterfaceOrientationPortraitUpsideDown UIInterfaceOrientationLandscapeLeft UIInterfaceOrientationLandscapeRight";
				INFOPLIST_KEY_UISupportedInterfaceOrientations_iPhone = "UIInterfaceOrientationPortrait UIInterfaceOrientationLandscapeLeft UIInterfaceOrientationLandscapeRight";
				LD_RUNPATH_SEARCH_PATHS = (
					"$(inherited)",
					"@executable_path/Frameworks",
				);
				MARKETING_VERSION = 1.0;
				PRODUCT_BUNDLE_IDENTIFIER = "plastickarma.lead-track";
				PRODUCT_NAME = "$(TARGET_NAME)";
				STRING_CATALOG_GENERATE_SYMBOLS = YES;
				SUPPORTED_PLATFORMS = "iphoneos iphonesimulator";
				SUPPORTS_MACCATALYST = NO;
				SUPPORTS_MAC_DESIGNED_FOR_IPHONE_IPAD = NO;
				SUPPORTS_XR_DESIGNED_FOR_IPHONE_IPAD = NO;
				SWIFT_APPROACHABLE_CONCURRENCY = YES;
				SWIFT_DEFAULT_ACTOR_ISOLATION = MainActor;
				SWIFT_EMIT_LOC_STRINGS = YES;
				SWIFT_UPCOMING_FEATURE_MEMBER_IMPORT_VISIBILITY = YES;
				SWIFT_VERSION = 5.0;
				TARGETED_DEVICE_FAMILY = 1;
			};
			name = Debug;
		};
		89AF8B6B2F723552005F7ED1 /* Release */ = {
			isa = XCBuildConfiguration;
			buildSettings = {
				ASSETCATALOG_COMPILER_APPICON_NAME = AppIcon;
				ASSETCATALOG_COMPILER_GLOBAL_ACCENT_COLOR_NAME = AccentColor;
				CODE_SIGN_ENTITLEMENTS = "lead track/lead_track.entitlements";
				CODE_SIGN_STYLE = Automatic;
				CURRENT_PROJECT_VERSION = 1;
				DEVELOPMENT_TEAM = 9492A97LWY;
				ENABLE_PREVIEWS = YES;
				GENERATE_INFOPLIST_FILE = YES;
				INFOPLIST_KEY_CFBundleDisplayName = Leadstone;
				INFOPLIST_KEY_LSApplicationCategoryType = "public.app-category.productivity";
				INFOPLIST_KEY_NSSupportsLiveActivities = YES;
				INFOPLIST_KEY_UIApplicationSceneManifest_Generation = YES;
				INFOPLIST_KEY_UIApplicationSupportsIndirectInputEvents = YES;
				INFOPLIST_KEY_UILaunchScreen_Generation = YES;
				INFOPLIST_KEY_UISupportedInterfaceOrientations_iPad = "UIInterfaceOrientationPortrait UIInterfaceOrientationPortraitUpsideDown UIInterfaceOrientationLandscapeLeft UIInterfaceOrientationLandscapeRight";
				INFOPLIST_KEY_UISupportedInterfaceOrientations_iPhone = "UIInterfaceOrientationPortrait UIInterfaceOrientationLandscapeLeft UIInterfaceOrientationLandscapeRight";
				LD_RUNPATH_SEARCH_PATHS = (
					"$(inherited)",
					"@executable_path/Frameworks",
				);
				MARKETING_VERSION = 1.0;
				PRODUCT_BUNDLE_IDENTIFIER = "plastickarma.lead-track";
				PRODUCT_NAME = "$(TARGET_NAME)";
				STRING_CATALOG_GENERATE_SYMBOLS = YES;
				SUPPORTED_PLATFORMS = "iphoneos iphonesimulator";
				SUPPORTS_MACCATALYST = NO;
				SUPPORTS_MAC_DESIGNED_FOR_IPHONE_IPAD = NO;
				SUPPORTS_XR_DESIGNED_FOR_IPHONE_IPAD = NO;
				SWIFT_APPROACHABLE_CONCURRENCY = YES;
				SWIFT_DEFAULT_ACTOR_ISOLATION = MainActor;
				SWIFT_EMIT_LOC_STRINGS = YES;
				SWIFT_UPCOMING_FEATURE_MEMBER_IMPORT_VISIBILITY = YES;
				SWIFT_VERSION = 5.0;
				TARGETED_DEVICE_FAMILY = 1;
			};
			name = Release;
		};
		89AF8CA62F800000005F7ED1 /* Debug */ = {
			isa = XCBuildConfiguration;
			buildSettings = {
				ASSETCATALOG_COMPILER_GLOBAL_ACCENT_COLOR_NAME = AccentColor;
				CODE_SIGN_ENTITLEMENTS = "lead-track Widget/lead_track_widget.entitlements";
				CODE_SIGN_STYLE = Automatic;
				CURRENT_PROJECT_VERSION = 1;
				DEVELOPMENT_TEAM = 9492A97LWY;
				GENERATE_INFOPLIST_FILE = YES;
				INFOPLIST_FILE = "lead-track Widget/Info.plist";
				LD_RUNPATH_SEARCH_PATHS = (
					"$(inherited)",
					"@executable_path/Frameworks",
					"@executable_path/../../Frameworks",
				);
				MARKETING_VERSION = 1.0;
				PRODUCT_BUNDLE_IDENTIFIER = "plastickarma.lead-track.widget";
				PRODUCT_NAME = "$(TARGET_NAME)";
				SKIP_INSTALL = YES;
				SWIFT_APPROACHABLE_CONCURRENCY = YES;
				SWIFT_DEFAULT_ACTOR_ISOLATION = MainActor;
				SWIFT_EMIT_LOC_STRINGS = YES;
				SWIFT_UPCOMING_FEATURE_MEMBER_IMPORT_VISIBILITY = YES;
				SWIFT_VERSION = 5.0;
				TARGETED_DEVICE_FAMILY = "1,2";
			};
			name = Debug;
		};
		89AF8CA72F800000005F7ED1 /* Release */ = {
			isa = XCBuildConfiguration;
			buildSettings = {
				ASSETCATALOG_COMPILER_GLOBAL_ACCENT_COLOR_NAME = AccentColor;
				CODE_SIGN_ENTITLEMENTS = "lead-track Widget/lead_track_widget.entitlements";
				CODE_SIGN_STYLE = Automatic;
				CURRENT_PROJECT_VERSION = 1;
				DEVELOPMENT_TEAM = 9492A97LWY;
				GENERATE_INFOPLIST_FILE = YES;
				INFOPLIST_FILE = "lead-track Widget/Info.plist";
				LD_RUNPATH_SEARCH_PATHS = (
					"$(inherited)",
					"@executable_path/Frameworks",
					"@executable_path/../../Frameworks",
				);
				MARKETING_VERSION = 1.0;
				PRODUCT_BUNDLE_IDENTIFIER = "plastickarma.lead-track.widget";
				PRODUCT_NAME = "$(TARGET_NAME)";
				SKIP_INSTALL = YES;
				SWIFT_APPROACHABLE_CONCURRENCY = YES;
				SWIFT_DEFAULT_ACTOR_ISOLATION = MainActor;
				SWIFT_EMIT_LOC_STRINGS = YES;
				SWIFT_UPCOMING_FEATURE_MEMBER_IMPORT_VISIBILITY = YES;
				SWIFT_VERSION = 5.0;
				TARGETED_DEVICE_FAMILY = "1,2";
			};
			name = Release;
		};
		8E7A5FCE6235F15F2A9BE55C /* Debug */ = {
			isa = XCBuildConfiguration;
			buildSettings = {
				BUNDLE_LOADER = "$(TEST_HOST)";
				CLANG_ENABLE_OBJC_WEAK = NO;
				CODE_SIGN_STYLE = Automatic;
				DEVELOPMENT_TEAM = 9492A97LWY;
				GENERATE_INFOPLIST_FILE = YES;
				IPHONEOS_DEPLOYMENT_TARGET = 26.2;
				PRODUCT_BUNDLE_IDENTIFIER = "plastickarma.lead-track.tests";
				PRODUCT_NAME = lead_trackTests;
				SDKROOT = iphoneos;
				SWIFT_VERSION = 5.0;
				TEST_HOST = "$(BUILT_PRODUCTS_DIR)/lead track.app/$(BUNDLE_EXECUTABLE_FOLDER_PATH)/lead track";
			};
			name = Debug;
		};
/* End XCBuildConfiguration section */

/* Begin XCConfigurationList section */
		89AF8B572F723550005F7ED1 /* Build configuration list for PBXProject "lead track" */ = {
			isa = XCConfigurationList;
			buildConfigurations = (
				89AF8B672F723552005F7ED1 /* Debug */,
				89AF8B682F723552005F7ED1 /* Release */,
			);
			defaultConfigurationIsVisible = 0;
			defaultConfigurationName = Release;
		};
		89AF8B692F723552005F7ED1 /* Build configuration list for PBXNativeTarget "lead track" */ = {
			isa = XCConfigurationList;
			buildConfigurations = (
				89AF8B6A2F723552005F7ED1 /* Debug */,
				89AF8B6B2F723552005F7ED1 /* Release */,
			);
			defaultConfigurationIsVisible = 0;
			defaultConfigurationName = Release;
		};
		89AF8CA82F800000005F7ED1 /* Build configuration list for PBXNativeTarget "lead-track Widget" */ = {
			isa = XCConfigurationList;
			buildConfigurations = (
				89AF8CA62F800000005F7ED1 /* Debug */,
				89AF8CA72F800000005F7ED1 /* Release */,
			);
			defaultConfigurationIsVisible = 0;
			defaultConfigurationName = Release;
		};
		8D7359F343DBD51A59844869 /* Build configuration list for PBXNativeTarget "lead trackTests" */ = {
			isa = XCConfigurationList;
			buildConfigurations = (
				6C82317CB1C4D824DBD05751 /* Release */,
				8E7A5FCE6235F15F2A9BE55C /* Debug */,
			);
			defaultConfigurationIsVisible = 0;
			defaultConfigurationName = Release;
		};
/* End XCConfigurationList section */
	};
	rootObject = 89AF8B542F723550005F7ED1 /* Project object */;
}
